
Microsoft Visual Studio Solution File, Format Version 12.00
# Visual Studio Version 17
VisualStudioVersion = 17.9.34616.47
MinimumVisualStudioVersion = 10.0.40219.1
Project("{FAE04EC0-301F-11D3-BF4B-00C04F79EFBC}") = "FloatingPoint.Tests", "FloatingPoint.Tests\FloatingPoint.Tests.csproj", "{B2E4D80E-145F-47BF-A782-83AE669DA1B9}"
EndProject
Project("{FAE04EC0-301F-11D3-BF4B-00C04F79EFBC}") = "FloatingPoint", "FloatingPoint\FloatingPoint.csproj", "{96AECCFE-4D1A-4278-9CA1-FE75FB06EDBC}"
EndProject
Global
	GlobalSection(SolutionConfigurationPlatforms) = preSolution
		Debug|Any CPU = Debug|Any CPU
		Release|Any CPU = Release|Any CPU
	EndGlobalSection
	GlobalSection(ProjectConfigurationPlatforms) = postSolution
		{B2E4D80E-145F-47BF-A782-83AE669DA1B9}.Debug|Any CPU.ActiveCfg = Debug|Any CPU
		{B2E4D80E-145F-47BF-A782-83AE669DA1B9}.Debug|Any CPU.Build.0 = Debug|Any CPU
		{B2E4D80E-145F-47BF-A782-83AE669DA1B9}.Release|Any CPU.ActiveCfg = Release|Any CPU
		{B2E4D80E-145F-47BF-A782-83AE669DA1B9}.Release|Any CPU.Build.0 = Release|Any CPU
		{96AECCFE-4D1A-4278-9CA1-FE75FB06EDBC}.Debug|Any CPU.ActiveCfg = Debug|Any CPU
		{96AECCFE-4D1A-4278-9CA1-FE75FB06EDBC}.Debug|Any CPU.Build.0 = Debug|Any CPU
		{96AECCFE-4D1A-4278-9CA1-FE75FB06EDBC}.Release|Any CPU.ActiveCfg = Release|Any CPU
		{96AECCFE-4D1A-4278-9CA1-FE75FB06EDBC}.Release|Any CPU.Build.0 = Release|Any CPU
	EndGlobalSection
	GlobalSection(SolutionProperties) = preSolution
		HideSolutionNode = FALSE
	EndGlobalSection
	GlobalSection(ExtensibilityGlobals) = postSolution
		SolutionGuid = {6ECD6DD1-704D-4227-B402-01F34D58B620}
	EndGlobalSection
EndGlobal
